
Microsoft Visual Studio Solution File, Format Version 12.00
# Visual Studio Version 17
VisualStudioVersion = 17.4.33213.308
MinimumVisualStudioVersion = 10.0.40219.1
Project("{FAE04EC0-301F-11D3-BF4B-00C04F79EFBC}") = "FunctionGraph", "..\..\Olimpiada\FunctionGraph\FunctionGraph.csproj", "{B8477E78-D1FD-474E-9420-EF981D133BC7}"
EndProject
Project("{FAE04EC0-301F-11D3-BF4B-00C04F79EFBC}") = "RenderingApp", "..\..\..\..\source\repos\FrontEnd_M3\RenderingApp\RenderingApp.csproj", "{EB7CB7EA-1F60-44B2-A832-5CA3BE77F5D3}"
EndProject
Global
	GlobalSection(SolutionConfigurationPlatforms) = preSolution
		Debug|Any CPU = Debug|Any CPU
		Release|Any CPU = Release|Any CPU
	EndGlobalSection
	GlobalSection(ProjectConfigurationPlatforms) = postSolution
		{B8477E78-D1FD-474E-9420-EF981D133BC7}.Debug|Any CPU.ActiveCfg = Debug|Any CPU
		{B8477E78-D1FD-474E-9420-EF981D133BC7}.Debug|Any CPU.Build.0 = Debug|Any CPU
		{B8477E78-D1FD-474E-9420-EF981D133BC7}.Release|Any CPU.ActiveCfg = Release|Any CPU
		{B8477E78-D1FD-474E-9420-EF981D133BC7}.Release|Any CPU.Build.0 = Release|Any CPU
		{EB7CB7EA-1F60-44B2-A832-5CA3BE77F5D3}.Debug|Any CPU.ActiveCfg = Debug|Any CPU
		{EB7CB7EA-1F60-44B2-A832-5CA3BE77F5D3}.Debug|Any CPU.Build.0 = Debug|Any CPU
		{EB7CB7EA-1F60-44B2-A832-5CA3BE77F5D3}.Release|Any CPU.ActiveCfg = Release|Any CPU
		{EB7CB7EA-1F60-44B2-A832-5CA3BE77F5D3}.Release|Any CPU.Build.0 = Release|Any CPU
	EndGlobalSection
	GlobalSection(SolutionProperties) = preSolution
		HideSolutionNode = FALSE
	EndGlobalSection
	GlobalSection(ExtensibilityGlobals) = postSolution
		SolutionGuid = {4119D8DC-F479-4A55-A917-ACD6706E139A}
	EndGlobalSection
EndGlobal
