
Microsoft Visual Studio Solution File, Format Version 12.00
# Visual Studio Version 17
VisualStudioVersion = 17.4.33213.308
MinimumVisualStudioVersion = 10.0.40219.1
Project("{FAE04EC0-301F-11D3-BF4B-00C04F79EFBC}") = "RestApiApp_Comic", "RestApiApp_Comic\RestApiApp_Comic.csproj", "{C50AA5B3-8240-46FB-981E-12E72C6F1E19}"
EndProject
Project("{FAE04EC0-301F-11D3-BF4B-00C04F79EFBC}") = "RestApi_Sun", "RestApi_Sun\RestApi_Sun.csproj", "{505E79B8-8BD4-4396-AD62-A33037730B31}"
EndProject
Project("{FAE04EC0-301F-11D3-BF4B-00C04F79EFBC}") = "RickAndMortyAPI", "RickAndMortyAPI\RickAndMortyAPI.csproj", "{38653454-2733-46FA-B68F-1991DF50BE17}"
EndProject
Global
	GlobalSection(SolutionConfigurationPlatforms) = preSolution
		Debug|Any CPU = Debug|Any CPU
		Release|Any CPU = Release|Any CPU
	EndGlobalSection
	GlobalSection(ProjectConfigurationPlatforms) = postSolution
		{C50AA5B3-8240-46FB-981E-12E72C6F1E19}.Debug|Any CPU.ActiveCfg = Debug|Any CPU
		{C50AA5B3-8240-46FB-981E-12E72C6F1E19}.Debug|Any CPU.Build.0 = Debug|Any CPU
		{C50AA5B3-8240-46FB-981E-12E72C6F1E19}.Release|Any CPU.ActiveCfg = Release|Any CPU
		{C50AA5B3-8240-46FB-981E-12E72C6F1E19}.Release|Any CPU.Build.0 = Release|Any CPU
		{505E79B8-8BD4-4396-AD62-A33037730B31}.Debug|Any CPU.ActiveCfg = Debug|Any CPU
		{505E79B8-8BD4-4396-AD62-A33037730B31}.Debug|Any CPU.Build.0 = Debug|Any CPU
		{505E79B8-8BD4-4396-AD62-A33037730B31}.Release|Any CPU.ActiveCfg = Release|Any CPU
		{505E79B8-8BD4-4396-AD62-A33037730B31}.Release|Any CPU.Build.0 = Release|Any CPU
		{38653454-2733-46FA-B68F-1991DF50BE17}.Debug|Any CPU.ActiveCfg = Debug|Any CPU
		{38653454-2733-46FA-B68F-1991DF50BE17}.Debug|Any CPU.Build.0 = Debug|Any CPU
		{38653454-2733-46FA-B68F-1991DF50BE17}.Release|Any CPU.ActiveCfg = Release|Any CPU
		{38653454-2733-46FA-B68F-1991DF50BE17}.Release|Any CPU.Build.0 = Release|Any CPU
	EndGlobalSection
	GlobalSection(SolutionProperties) = preSolution
		HideSolutionNode = FALSE
	EndGlobalSection
	GlobalSection(ExtensibilityGlobals) = postSolution
		SolutionGuid = {05196BF5-36C4-48A3-A147-8D25ADC13418}
	EndGlobalSection
EndGlobal
