
Microsoft Visual Studio Solution File, Format Version 12.00
# Visual Studio Version 17
VisualStudioVersion = 17.4.33213.308
MinimumVisualStudioVersion = 10.0.40219.1
Project("{FAE04EC0-301F-11D3-BF4B-00C04F79EFBC}") = "ExampleCOnsole_01", "ExampleCOnsole_01\ExampleCOnsole_01.csproj", "{A5090DD1-238F-4AE3-A13D-59ED79C1DFAE}"
EndProject
Global
	GlobalSection(SolutionConfigurationPlatforms) = preSolution
		Debug|Any CPU = Debug|Any CPU
		Release|Any CPU = Release|Any CPU
	EndGlobalSection
	GlobalSection(ProjectConfigurationPlatforms) = postSolution
		{A5090DD1-238F-4AE3-A13D-59ED79C1DFAE}.Debug|Any CPU.ActiveCfg = Debug|Any CPU
		{A5090DD1-238F-4AE3-A13D-59ED79C1DFAE}.Debug|Any CPU.Build.0 = Debug|Any CPU
		{A5090DD1-238F-4AE3-A13D-59ED79C1DFAE}.Release|Any CPU.ActiveCfg = Release|Any CPU
		{A5090DD1-238F-4AE3-A13D-59ED79C1DFAE}.Release|Any CPU.Build.0 = Release|Any CPU
	EndGlobalSection
	GlobalSection(SolutionProperties) = preSolution
		HideSolutionNode = FALSE
	EndGlobalSection
	GlobalSection(ExtensibilityGlobals) = postSolution
		SolutionGuid = {34D0B18B-0DD4-43A2-9AA1-83F0DA73C7D2}
	EndGlobalSection
EndGlobal
