
Microsoft Visual Studio Solution File, Format Version 12.00
# Visual Studio Version 17
VisualStudioVersion = 17.4.33213.308
MinimumVisualStudioVersion = 10.0.40219.1
Project("{FAE04EC0-301F-11D3-BF4B-00C04F79EFBC}") = "Fishing", "Fishing\Fishing.csproj", "{3DE2CABC-A099-4425-A555-9006048AD96C}"
EndProject
Global
	GlobalSection(SolutionConfigurationPlatforms) = preSolution
		Debug|Any CPU = Debug|Any CPU
		Release|Any CPU = Release|Any CPU
	EndGlobalSection
	GlobalSection(ProjectConfigurationPlatforms) = postSolution
		{3DE2CABC-A099-4425-A555-9006048AD96C}.Debug|Any CPU.ActiveCfg = Debug|Any CPU
		{3DE2CABC-A099-4425-A555-9006048AD96C}.Debug|Any CPU.Build.0 = Debug|Any CPU
		{3DE2CABC-A099-4425-A555-9006048AD96C}.Release|Any CPU.ActiveCfg = Release|Any CPU
		{3DE2CABC-A099-4425-A555-9006048AD96C}.Release|Any CPU.Build.0 = Release|Any CPU
	EndGlobalSection
	GlobalSection(SolutionProperties) = preSolution
		HideSolutionNode = FALSE
	EndGlobalSection
	GlobalSection(ExtensibilityGlobals) = postSolution
		SolutionGuid = {09769294-3691-4A93-A814-15CB849973A1}
	EndGlobalSection
EndGlobal
